// !$*UTF8*$!
{
	archiveVersion = 1;
	classes = {
	};
	objectVersion = 46;
	objects = {

/* Begin PBXBuildFile section */
		DC9E837B1ACFE096008849D2 /* CZAuthenticationVC.m in Sources */ = {isa = PBXBuildFile; fileRef = DC9E837A1ACFE096008849D2 /* CZAuthenticationVC.m */; };
		DC9E837E1AD05A9D008849D2 /* CZLoginVC.m in Sources */ = {isa = PBXBuildFile; fileRef = DC9E837D1AD05A9D008849D2 /* CZLoginVC.m */; };
		DC9E83811AD58BD4008849D2 /* DDPWebPagesVC.m in Sources */ = {isa = PBXBuildFile; fileRef = DC9E83801AD58BD4008849D2 /* DDPWebPagesVC.m */; };
		DCC433391AEC08CD003182D8 /* CZResetPasswordVC.m in Sources */ = {isa = PBXBuildFile; fileRef = DCC433381AEC08CD003182D8 /* CZResetPasswordVC.m */; };
		DCC433521AEC28B9003182D8 /* Localizable.strings in Resources */ = {isa = PBXBuildFile; fileRef = DCC433541AEC28B9003182D8 /* Localizable.strings */; };
		DCC4335B1AEC29E1003182D8 /* Authentication.storyboard in Resources */ = {isa = PBXBuildFile; fileRef = DCC433591AEC29E1003182D8 /* Authentication.storyboard */; };
		DCC433641AEC2D2A003182D8 /* CZ-AuthenticationLocalizable.strings in Resources */ = {isa = PBXBuildFile; fileRef = DCC433661AEC2D2A003182D8 /* CZ-AuthenticationLocalizable.strings */; };
		DCC4336B1AEEBDF0003182D8 /* CZ-background010.jpg in Resources */ = {isa = PBXBuildFile; fileRef = DCC433681AEEBDF0003182D8 /* CZ-background010.jpg */; };
		DCC4336C1AEEBDF0003182D8 /* CZ-background011.jpg in Resources */ = {isa = PBXBuildFile; fileRef = DCC433691AEEBDF0003182D8 /* CZ-background011.jpg */; };
		DCC4336D1AEEBDF0003182D8 /* CZ-background012.jpg in Resources */ = {isa = PBXBuildFile; fileRef = DCC4336A1AEEBDF0003182D8 /* CZ-background012.jpg */; };
		DCC4336F1AEEBE04003182D8 /* CZ-background009.jpg in Resources */ = {isa = PBXBuildFile; fileRef = DCC4336E1AEEBE04003182D8 /* CZ-background009.jpg */; };
		DCC433741AEEBE0E003182D8 /* CZ-background004.jpg in Resources */ = {isa = PBXBuildFile; fileRef = DCC433711AEEBE0E003182D8 /* CZ-background004.jpg */; };
		DCC433751AEEBE0E003182D8 /* CZ-background007.jpg in Resources */ = {isa = PBXBuildFile; fileRef = DCC433721AEEBE0E003182D8 /* CZ-background007.jpg */; };
		DCD491F11AD90A62003440D5 /* badge_green.png in Resources */ = {isa = PBXBuildFile; fileRef = DCD491D31AD90A62003440D5 /* badge_green.png */; };
		DCD491F21AD90A62003440D5 /* badge_green@2x.png in Resources */ = {isa = PBXBuildFile; fileRef = DCD491D41AD90A62003440D5 /* badge_green@2x.png */; };
		DCD491F31AD90A62003440D5 /* mail_green.png in Resources */ = {isa = PBXBuildFile; fileRef = DCD491D51AD90A62003440D5 /* mail_green.png */; };
		DCD491F41AD90A62003440D5 /* mail_green@2x.png in Resources */ = {isa = PBXBuildFile; fileRef = DCD491D61AD90A62003440D5 /* mail_green@2x.png */; };
		DCD491F51AD90A62003440D5 /* password_green.png in Resources */ = {isa = PBXBuildFile; fileRef = DCD491D71AD90A62003440D5 /* password_green.png */; };
		DCD491F61AD90A62003440D5 /* password_green@2x.png in Resources */ = {isa = PBXBuildFile; fileRef = DCD491D81AD90A62003440D5 /* password_green@2x.png */; };
		DCD491F71AD90A62003440D5 /* username_green.png in Resources */ = {isa = PBXBuildFile; fileRef = DCD491D91AD90A62003440D5 /* username_green.png */; };
		DCD491F81AD90A62003440D5 /* username_green@2x.png in Resources */ = {isa = PBXBuildFile; fileRef = DCD491DA1AD90A62003440D5 /* username_green@2x.png */; };
		DCD491F91AD90A62003440D5 /* badge@2x.png in Resources */ = {isa = PBXBuildFile; fileRef = DCD491DB1AD90A62003440D5 /* badge@2x.png */; };
		DCD491FA1AD90A62003440D5 /* badge_red.png in Resources */ = {isa = PBXBuildFile; fileRef = DCD491DC1AD90A62003440D5 /* badge_red.png */; };
		DCD491FB1AD90A62003440D5 /* badge_red@2x.png in Resources */ = {isa = PBXBuildFile; fileRef = DCD491DD1AD90A62003440D5 /* badge_red@2x.png */; };
		DCD491FC1AD90A62003440D5 /* badge.png in Resources */ = {isa = PBXBuildFile; fileRef = DCD491DE1AD90A62003440D5 /* badge.png */; };
		DCD491FD1AD90A62003440D5 /* mail_red.png in Resources */ = {isa = PBXBuildFile; fileRef = DCD491DF1AD90A62003440D5 /* mail_red.png */; };
		DCD491FE1AD90A62003440D5 /* mail_red@2x.png in Resources */ = {isa = PBXBuildFile; fileRef = DCD491E01AD90A62003440D5 /* mail_red@2x.png */; };
		DCD491FF1AD90A62003440D5 /* mail.png in Resources */ = {isa = PBXBuildFile; fileRef = DCD491E11AD90A62003440D5 /* mail.png */; };
		DCD492001AD90A62003440D5 /* mail@2x.png in Resources */ = {isa = PBXBuildFile; fileRef = DCD491E21AD90A62003440D5 /* mail@2x.png */; };
		DCD492011AD90A62003440D5 /* password_red.png in Resources */ = {isa = PBXBuildFile; fileRef = DCD491E31AD90A62003440D5 /* password_red.png */; };
		DCD492021AD90A62003440D5 /* password_red@2x.png in Resources */ = {isa = PBXBuildFile; fileRef = DCD491E41AD90A62003440D5 /* password_red@2x.png */; };
		DCD492031AD90A62003440D5 /* password.png in Resources */ = {isa = PBXBuildFile; fileRef = DCD491E51AD90A62003440D5 /* password.png */; };
		DCD492041AD90A62003440D5 /* password@2x.png in Resources */ = {isa = PBXBuildFile; fileRef = DCD491E61AD90A62003440D5 /* password@2x.png */; };
		DCD492051AD90A62003440D5 /* username_red.png in Resources */ = {isa = PBXBuildFile; fileRef = DCD491E71AD90A62003440D5 /* username_red.png */; };
		DCD492061AD90A62003440D5 /* username_red@2x.png in Resources */ = {isa = PBXBuildFile; fileRef = DCD491E81AD90A62003440D5 /* username_red@2x.png */; };
		DCD492071AD90A62003440D5 /* username.png in Resources */ = {isa = PBXBuildFile; fileRef = DCD491E91AD90A62003440D5 /* username.png */; };
		DCD492081AD90A62003440D5 /* username@2x.png in Resources */ = {isa = PBXBuildFile; fileRef = DCD491EA1AD90A62003440D5 /* username@2x.png */; };
		DCD492091AD90A62003440D5 /* triangolo.png in Resources */ = {isa = PBXBuildFile; fileRef = DCD491EB1AD90A62003440D5 /* triangolo.png */; };
		DCD4920A1AD90A62003440D5 /* triangolo@2x.png in Resources */ = {isa = PBXBuildFile; fileRef = DCD491EC1AD90A62003440D5 /* triangolo@2x.png */; };
		DCD4920B1AD90A62003440D5 /* buttonArrow.png in Resources */ = {isa = PBXBuildFile; fileRef = DCD491ED1AD90A62003440D5 /* buttonArrow.png */; };
		DCD4920C1AD90A62003440D5 /* buttonArrow@2x.png in Resources */ = {isa = PBXBuildFile; fileRef = DCD491EE1AD90A62003440D5 /* buttonArrow@2x.png */; };
		DCD4920D1AD90A62003440D5 /* headerBackground.png in Resources */ = {isa = PBXBuildFile; fileRef = DCD491EF1AD90A62003440D5 /* headerBackground.png */; };
		DCD4920E1AD90A62003440D5 /* headerBackground@2x.png in Resources */ = {isa = PBXBuildFile; fileRef = DCD491F01AD90A62003440D5 /* headerBackground@2x.png */; };
		DCD492111AD92C51003440D5 /* CZAuthenticationDC.m in Sources */ = {isa = PBXBuildFile; fileRef = DCD492101AD92C51003440D5 /* CZAuthenticationDC.m */; };
		DCD493311AE5A330003440D5 /* CoreData.framework in Frameworks */ = {isa = PBXBuildFile; fileRef = DCD493301AE5A330003440D5 /* CoreData.framework */; };
		DCD493341AE5A679003440D5 /* profile1@2x.jpg in Resources */ = {isa = PBXBuildFile; fileRef = DCD493331AE5A679003440D5 /* profile1@2x.jpg */; };
		DCD493361AE5A6B1003440D5 /* header_bg1@2x.jpg in Resources */ = {isa = PBXBuildFile; fileRef = DCD493351AE5A6B0003440D5 /* header_bg1@2x.jpg */; };
		DCD493391AE6D360003440D5 /* logoFB-20x20.png in Resources */ = {isa = PBXBuildFile; fileRef = DCD493371AE6D35F003440D5 /* logoFB-20x20.png */; };
		DCD4933A1AE6D360003440D5 /* logoFB-20x20@2x.png in Resources */ = {isa = PBXBuildFile; fileRef = DCD493381AE6D360003440D5 /* logoFB-20x20@2x.png */; };
		DCD784FC1AC6ACD5003E1752 /* main.m in Sources */ = {isa = PBXBuildFile; fileRef = DCD784FB1AC6ACD5003E1752 /* main.m */; };
		DCD784FF1AC6ACD6003E1752 /* AppDelegate.m in Sources */ = {isa = PBXBuildFile; fileRef = DCD784FE1AC6ACD6003E1752 /* AppDelegate.m */; };
		DCD785021AC6ACD6003E1752 /* ViewController.m in Sources */ = {isa = PBXBuildFile; fileRef = DCD785011AC6ACD6003E1752 /* ViewController.m */; };
		DCD785051AC6ACD6003E1752 /* Main.storyboard in Resources */ = {isa = PBXBuildFile; fileRef = DCD785031AC6ACD6003E1752 /* Main.storyboard */; };
		DCD785071AC6ACD6003E1752 /* Images.xcassets in Resources */ = {isa = PBXBuildFile; fileRef = DCD785061AC6ACD6003E1752 /* Images.xcassets */; };
		DCD7850A1AC6ACD6003E1752 /* LaunchScreen.xib in Resources */ = {isa = PBXBuildFile; fileRef = DCD785081AC6ACD6003E1752 /* LaunchScreen.xib */; };
		DCD785211AC6B076003E1752 /* Parse.framework in Frameworks */ = {isa = PBXBuildFile; fileRef = DCD785201AC6B076003E1752 /* Parse.framework */; };
		DCD785251AC6B0AF003E1752 /* Accounts.framework in Frameworks */ = {isa = PBXBuildFile; fileRef = DCD785241AC6B0AF003E1752 /* Accounts.framework */; };
		DCD785271AC6B0B7003E1752 /* AudioToolbox.framework in Frameworks */ = {isa = PBXBuildFile; fileRef = DCD785261AC6B0B7003E1752 /* AudioToolbox.framework */; };
		DCD785291AC6B0BF003E1752 /* CFNetwork.framework in Frameworks */ = {isa = PBXBuildFile; fileRef = DCD785281AC6B0BF003E1752 /* CFNetwork.framework */; };
		DCD7852B1AC6B0C7003E1752 /* CoreGraphics.framework in Frameworks */ = {isa = PBXBuildFile; fileRef = DCD7852A1AC6B0C7003E1752 /* CoreGraphics.framework */; };
		DCD7852D1AC6B0CF003E1752 /* CoreLocation.framework in Frameworks */ = {isa = PBXBuildFile; fileRef = DCD7852C1AC6B0CF003E1752 /* CoreLocation.framework */; };
		DCD7852F1AC6B0D7003E1752 /* MobileCoreServices.framework in Frameworks */ = {isa = PBXBuildFile; fileRef = DCD7852E1AC6B0D7003E1752 /* MobileCoreServices.framework */; };
		DCD785311AC6B0E0003E1752 /* QuartzCore.framework in Frameworks */ = {isa = PBXBuildFile; fileRef = DCD785301AC6B0E0003E1752 /* QuartzCore.framework */; };
		DCD785331AC6B0E8003E1752 /* Security.framework in Frameworks */ = {isa = PBXBuildFile; fileRef = DCD785321AC6B0E8003E1752 /* Security.framework */; };
		DCD785351AC6B0EF003E1752 /* Social.framework in Frameworks */ = {isa = PBXBuildFile; fileRef = DCD785341AC6B0EF003E1752 /* Social.framework */; };
		DCD785371AC6B0F7003E1752 /* StoreKit.framework in Frameworks */ = {isa = PBXBuildFile; fileRef = DCD785361AC6B0F7003E1752 /* StoreKit.framework */; };
		DCD785391AC6B100003E1752 /* SystemConfiguration.framework in Frameworks */ = {isa = PBXBuildFile; fileRef = DCD785381AC6B100003E1752 /* SystemConfiguration.framework */; };
		DCD7853B1AC6B109003E1752 /* libz.dylib in Frameworks */ = {isa = PBXBuildFile; fileRef = DCD7853A1AC6B109003E1752 /* libz.dylib */; };
		DCD7853D1AC6B114003E1752 /* libsqlite3.dylib in Frameworks */ = {isa = PBXBuildFile; fileRef = DCD7853C1AC6B114003E1752 /* libsqlite3.dylib */; };
		DCD785451AC6D05F003E1752 /* FBSDKCoreKit.framework in Frameworks */ = {isa = PBXBuildFile; fileRef = DCD785441AC6D05F003E1752 /* FBSDKCoreKit.framework */; };
		DCD785491AC6D16B003E1752 /* ParseFacebookUtils.framework in Frameworks */ = {isa = PBXBuildFile; fileRef = DCD785481AC6D16B003E1752 /* ParseFacebookUtils.framework */; };
		DCD7854D1AC6D529003E1752 /* FacebookSDK.framework in Frameworks */ = {isa = PBXBuildFile; fileRef = DCD7854C1AC6D529003E1752 /* FacebookSDK.framework */; };
		DCD7854F1AC6E910003E1752 /* Bolts.framework in Frameworks */ = {isa = PBXBuildFile; fileRef = DCD7854E1AC6E910003E1752 /* Bolts.framework */; };
		DCD785831AC70E89003E1752 /* settingsAuthentication.plist in Resources */ = {isa = PBXBuildFile; fileRef = DCD7857F1AC70E89003E1752 /* settingsAuthentication.plist */; };
		DCD7858F1AC72E78003E1752 /* MBProgressHUD.m in Sources */ = {isa = PBXBuildFile; fileRef = DCD7858E1AC72E78003E1752 /* MBProgressHUD.m */; };
		DCD785921AC85B32003E1752 /* CZSignInTVC.m in Sources */ = {isa = PBXBuildFile; fileRef = DCD785911AC85B32003E1752 /* CZSignInTVC.m */; };
		DCD785951AC883B7003E1752 /* CZSignInEmailVC.m in Sources */ = {isa = PBXBuildFile; fileRef = DCD785941AC883B7003E1752 /* CZSignInEmailVC.m */; };
/* End PBXBuildFile section */

/* Begin PBXFileReference section */
		DC9E83791ACFE096008849D2 /* CZAuthenticationVC.h */ = {isa = PBXFileReference; fileEncoding = 4; lastKnownFileType = sourcecode.c.h; path = CZAuthenticationVC.h; sourceTree = "<group>"; };
		DC9E837A1ACFE096008849D2 /* CZAuthenticationVC.m */ = {isa = PBXFileReference; fileEncoding = 4; lastKnownFileType = sourcecode.c.objc; path = CZAuthenticationVC.m; sourceTree = "<group>"; };
		DC9E837C1AD05A9D008849D2 /* CZLoginVC.h */ = {isa = PBXFileReference; fileEncoding = 4; lastKnownFileType = sourcecode.c.h; path = CZLoginVC.h; sourceTree = "<group>"; };
		DC9E837D1AD05A9D008849D2 /* CZLoginVC.m */ = {isa = PBXFileReference; fileEncoding = 4; lastKnownFileType = sourcecode.c.objc; path = CZLoginVC.m; sourceTree = "<group>"; };
		DC9E837F1AD58BD4008849D2 /* DDPWebPagesVC.h */ = {isa = PBXFileReference; fileEncoding = 4; lastKnownFileType = sourcecode.c.h; path = DDPWebPagesVC.h; sourceTree = "<group>"; };
		DC9E83801AD58BD4008849D2 /* DDPWebPagesVC.m */ = {isa = PBXFileReference; fileEncoding = 4; lastKnownFileType = sourcecode.c.objc; path = DDPWebPagesVC.m; sourceTree = "<group>"; };
		DCC433371AEC08CC003182D8 /* CZResetPasswordVC.h */ = {isa = PBXFileReference; fileEncoding = 4; lastKnownFileType = sourcecode.c.h; path = CZResetPasswordVC.h; sourceTree = "<group>"; };
		DCC433381AEC08CD003182D8 /* CZResetPasswordVC.m */ = {isa = PBXFileReference; fileEncoding = 4; lastKnownFileType = sourcecode.c.objc; path = CZResetPasswordVC.m; sourceTree = "<group>"; };
		DCC433531AEC28B9003182D8 /* Base */ = {isa = PBXFileReference; lastKnownFileType = text.plist.strings; name = Base; path = Base.lproj/Localizable.strings; sourceTree = "<group>"; };
		DCC4335C1AEC2A22003182D8 /* Base */ = {isa = PBXFileReference; lastKnownFileType = file.storyboard; name = Base; path = Base.lproj/Authentication.storyboard; sourceTree = "<group>"; };
		DCC433651AEC2D2A003182D8 /* Base */ = {isa = PBXFileReference; lastKnownFileType = text.plist.strings; name = Base; path = "Base.lproj/CZ-AuthenticationLocalizable.strings"; sourceTree = "<group>"; };
		DCC433671AEC2D60003182D8 /* it */ = {isa = PBXFileReference; lastKnownFileType = text.plist.strings; name = it; path = "it.lproj/CZ-AuthenticationLocalizable.strings"; sourceTree = "<group>"; };
		DCC433681AEEBDF0003182D8 /* CZ-background010.jpg */ = {isa = PBXFileReference; lastKnownFileType = image.jpeg; path = "CZ-background010.jpg"; sourceTree = "<group>"; };
		DCC433691AEEBDF0003182D8 /* CZ-background011.jpg */ = {isa = PBXFileReference; lastKnownFileType = image.jpeg; path = "CZ-background011.jpg"; sourceTree = "<group>"; };
		DCC4336A1AEEBDF0003182D8 /* CZ-background012.jpg */ = {isa = PBXFileReference; lastKnownFileType = image.jpeg; path = "CZ-background012.jpg"; sourceTree = "<group>"; };
		DCC4336E1AEEBE04003182D8 /* CZ-background009.jpg */ = {isa = PBXFileReference; lastKnownFileType = image.jpeg; path = "CZ-background009.jpg"; sourceTree = "<group>"; };
		DCC433711AEEBE0E003182D8 /* CZ-background004.jpg */ = {isa = PBXFileReference; lastKnownFileType = image.jpeg; path = "CZ-background004.jpg"; sourceTree = "<group>"; };
		DCC433721AEEBE0E003182D8 /* CZ-background007.jpg */ = {isa = PBXFileReference; lastKnownFileType = image.jpeg; path = "CZ-background007.jpg"; sourceTree = "<group>"; };
		DCD491D31AD90A62003440D5 /* badge_green.png */ = {isa = PBXFileReference; lastKnownFileType = image.png; path = badge_green.png; sourceTree = "<group>"; };
		DCD491D41AD90A62003440D5 /* badge_green@2x.png */ = {isa = PBXFileReference; lastKnownFileType = image.png; path = "badge_green@2x.png"; sourceTree = "<group>"; };
		DCD491D51AD90A62003440D5 /* mail_green.png */ = {isa = PBXFileReference; lastKnownFileType = image.png; path = mail_green.png; sourceTree = "<group>"; };
		DCD491D61AD90A62003440D5 /* mail_green@2x.png */ = {isa = PBXFileReference; lastKnownFileType = image.png; path = "mail_green@2x.png"; sourceTree = "<group>"; };
		DCD491D71AD90A62003440D5 /* password_green.png */ = {isa = PBXFileReference; lastKnownFileType = image.png; path = password_green.png; sourceTree = "<group>"; };
		DCD491D81AD90A62003440D5 /* password_green@2x.png */ = {isa = PBXFileReference; lastKnownFileType = image.png; path = "password_green@2x.png"; sourceTree = "<group>"; };
		DCD491D91AD90A62003440D5 /* username_green.png */ = {isa = PBXFileReference; lastKnownFileType = image.png; path = username_green.png; sourceTree = "<group>"; };
		DCD491DA1AD90A62003440D5 /* username_green@2x.png */ = {isa = PBXFileReference; lastKnownFileType = image.png; path = "username_green@2x.png"; sourceTree = "<group>"; };
		DCD491DB1AD90A62003440D5 /* badge@2x.png */ = {isa = PBXFileReference; lastKnownFileType = image.png; path = "badge@2x.png"; sourceTree = "<group>"; };
		DCD491DC1AD90A62003440D5 /* badge_red.png */ = {isa = PBXFileReference; lastKnownFileType = image.png; path = badge_red.png; sourceTree = "<group>"; };
		DCD491DD1AD90A62003440D5 /* badge_red@2x.png */ = {isa = PBXFileReference; lastKnownFileType = image.png; path = "badge_red@2x.png"; sourceTree = "<group>"; };
		DCD491DE1AD90A62003440D5 /* badge.png */ = {isa = PBXFileReference; lastKnownFileType = image.png; path = badge.png; sourceTree = "<group>"; };
		DCD491DF1AD90A62003440D5 /* mail_red.png */ = {isa = PBXFileReference; lastKnownFileType = image.png; path = mail_red.png; sourceTree = "<group>"; };
		DCD491E01AD90A62003440D5 /* mail_red@2x.png */ = {isa = PBXFileReference; lastKnownFileType = image.png; path = "mail_red@2x.png"; sourceTree = "<group>"; };
		DCD491E11AD90A62003440D5 /* mail.png */ = {isa = PBXFileReference; lastKnownFileType = image.png; path = mail.png; sourceTree = "<group>"; };
		DCD491E21AD90A62003440D5 /* mail@2x.png */ = {isa = PBXFileReference; lastKnownFileType = image.png; path = "mail@2x.png"; sourceTree = "<group>"; };
		DCD491E31AD90A62003440D5 /* password_red.png */ = {isa = PBXFileReference; lastKnownFileType = image.png; path = password_red.png; sourceTree = "<group>"; };
		DCD491E41AD90A62003440D5 /* password_red@2x.png */ = {isa = PBXFileReference; lastKnownFileType = image.png; path = "password_red@2x.png"; sourceTree = "<group>"; };
		DCD491E51AD90A62003440D5 /* password.png */ = {isa = PBXFileReference; lastKnownFileType = image.png; path = password.png; sourceTree = "<group>"; };
		DCD491E61AD90A62003440D5 /* password@2x.png */ = {isa = PBXFileReference; lastKnownFileType = image.png; path = "password@2x.png"; sourceTree = "<group>"; };
		DCD491E71AD90A62003440D5 /* username_red.png */ = {isa = PBXFileReference; lastKnownFileType = image.png; path = username_red.png; sourceTree = "<group>"; };
		DCD491E81AD90A62003440D5 /* username_red@2x.png */ = {isa = PBXFileReference; lastKnownFileType = image.png; path = "username_red@2x.png"; sourceTree = "<group>"; };
		DCD491E91AD90A62003440D5 /* username.png */ = {isa = PBXFileReference; lastKnownFileType = image.png; path = username.png; sourceTree = "<group>"; };
		DCD491EA1AD90A62003440D5 /* username@2x.png */ = {isa = PBXFileReference; lastKnownFileType = image.png; path = "username@2x.png"; sourceTree = "<group>"; };
		DCD491EB1AD90A62003440D5 /* triangolo.png */ = {isa = PBXFileReference; lastKnownFileType = image.png; path = triangolo.png; sourceTree = "<group>"; };
		DCD491EC1AD90A62003440D5 /* triangolo@2x.png */ = {isa = PBXFileReference; lastKnownFileType = image.png; path = "triangolo@2x.png"; sourceTree = "<group>"; };
		DCD491ED1AD90A62003440D5 /* buttonArrow.png */ = {isa = PBXFileReference; lastKnownFileType = image.png; path = buttonArrow.png; sourceTree = "<group>"; };
		DCD491EE1AD90A62003440D5 /* buttonArrow@2x.png */ = {isa = PBXFileReference; lastKnownFileType = image.png; path = "buttonArrow@2x.png"; sourceTree = "<group>"; };
		DCD491EF1AD90A62003440D5 /* headerBackground.png */ = {isa = PBXFileReference; lastKnownFileType = image.png; path = headerBackground.png; sourceTree = "<group>"; };
		DCD491F01AD90A62003440D5 /* headerBackground@2x.png */ = {isa = PBXFileReference; lastKnownFileType = image.png; path = "headerBackground@2x.png"; sourceTree = "<group>"; };
		DCD4920F1AD92C51003440D5 /* CZAuthenticationDC.h */ = {isa = PBXFileReference; fileEncoding = 4; lastKnownFileType = sourcecode.c.h; path = CZAuthenticationDC.h; sourceTree = "<group>"; };
		DCD492101AD92C51003440D5 /* CZAuthenticationDC.m */ = {isa = PBXFileReference; fileEncoding = 4; lastKnownFileType = sourcecode.c.objc; path = CZAuthenticationDC.m; sourceTree = "<group>"; };
		DCD493301AE5A330003440D5 /* CoreData.framework */ = {isa = PBXFileReference; lastKnownFileType = wrapper.framework; name = CoreData.framework; path = System/Library/Frameworks/CoreData.framework; sourceTree = SDKROOT; };
		DCD493331AE5A679003440D5 /* profile1@2x.jpg */ = {isa = PBXFileReference; lastKnownFileType = image.jpeg; path = "profile1@2x.jpg"; sourceTree = "<group>"; };
		DCD493351AE5A6B0003440D5 /* header_bg1@2x.jpg */ = {isa = PBXFileReference; lastKnownFileType = image.jpeg; path = "header_bg1@2x.jpg"; sourceTree = "<group>"; };
		DCD493371AE6D35F003440D5 /* logoFB-20x20.png */ = {isa = PBXFileReference; lastKnownFileType = image.png; path = "logoFB-20x20.png"; sourceTree = "<group>"; };
		DCD493381AE6D360003440D5 /* logoFB-20x20@2x.png */ = {isa = PBXFileReference; lastKnownFileType = image.png; path = "logoFB-20x20@2x.png"; sourceTree = "<group>"; };
		DCD784F61AC6ACD5003E1752 /* AboutMe.app */ = {isa = PBXFileReference; explicitFileType = wrapper.application; includeInIndex = 0; path = AboutMe.app; sourceTree = BUILT_PRODUCTS_DIR; };
		DCD784FA1AC6ACD5003E1752 /* Info.plist */ = {isa = PBXFileReference; lastKnownFileType = text.plist.xml; path = Info.plist; sourceTree = "<group>"; };
		DCD784FB1AC6ACD5003E1752 /* main.m */ = {isa = PBXFileReference; lastKnownFileType = sourcecode.c.objc; path = main.m; sourceTree = "<group>"; };
		DCD784FD1AC6ACD5003E1752 /* AppDelegate.h */ = {isa = PBXFileReference; lastKnownFileType = sourcecode.c.h; path = AppDelegate.h; sourceTree = "<group>"; };
		DCD784FE1AC6ACD6003E1752 /* AppDelegate.m */ = {isa = PBXFileReference; lastKnownFileType = sourcecode.c.objc; path = AppDelegate.m; sourceTree = "<group>"; };
		DCD785001AC6ACD6003E1752 /* ViewController.h */ = {isa = PBXFileReference; lastKnownFileType = sourcecode.c.h; path = ViewController.h; sourceTree = "<group>"; };
		DCD785011AC6ACD6003E1752 /* ViewController.m */ = {isa = PBXFileReference; lastKnownFileType = sourcecode.c.objc; path = ViewController.m; sourceTree = "<group>"; };
		DCD785041AC6ACD6003E1752 /* Base */ = {isa = PBXFileReference; lastKnownFileType = file.storyboard; name = Base; path = Base.lproj/Main.storyboard; sourceTree = "<group>"; };
		DCD785061AC6ACD6003E1752 /* Images.xcassets */ = {isa = PBXFileReference; lastKnownFileType = folder.assetcatalog; path = Images.xcassets; sourceTree = "<group>"; };
		DCD785091AC6ACD6003E1752 /* Base */ = {isa = PBXFileReference; lastKnownFileType = file.xib; name = Base; path = Base.lproj/LaunchScreen.xib; sourceTree = "<group>"; };
		DCD785201AC6B076003E1752 /* Parse.framework */ = {isa = PBXFileReference; lastKnownFileType = wrapper.framework; path = Parse.framework; sourceTree = "<group>"; };
		DCD785241AC6B0AF003E1752 /* Accounts.framework */ = {isa = PBXFileReference; lastKnownFileType = wrapper.framework; name = Accounts.framework; path = System/Library/Frameworks/Accounts.framework; sourceTree = SDKROOT; };
		DCD785261AC6B0B7003E1752 /* AudioToolbox.framework */ = {isa = PBXFileReference; lastKnownFileType = wrapper.framework; name = AudioToolbox.framework; path = System/Library/Frameworks/AudioToolbox.framework; sourceTree = SDKROOT; };
		DCD785281AC6B0BF003E1752 /* CFNetwork.framework */ = {isa = PBXFileReference; lastKnownFileType = wrapper.framework; name = CFNetwork.framework; path = System/Library/Frameworks/CFNetwork.framework; sourceTree = SDKROOT; };
		DCD7852A1AC6B0C7003E1752 /* CoreGraphics.framework */ = {isa = PBXFileReference; lastKnownFileType = wrapper.framework; name = CoreGraphics.framework; path = System/Library/Frameworks/CoreGraphics.framework; sourceTree = SDKROOT; };
		DCD7852C1AC6B0CF003E1752 /* CoreLocation.framework */ = {isa = PBXFileReference; lastKnownFileType = wrapper.framework; name = CoreLocation.framework; path = System/Library/Frameworks/CoreLocation.framework; sourceTree = SDKROOT; };
		DCD7852E1AC6B0D7003E1752 /* MobileCoreServices.framework */ = {isa = PBXFileReference; lastKnownFileType = wrapper.framework; name = MobileCoreServices.framework; path = System/Library/Frameworks/MobileCoreServices.framework; sourceTree = SDKROOT; };
		DCD785301AC6B0E0003E1752 /* QuartzCore.framework */ = {isa = PBXFileReference; lastKnownFileType = wrapper.framework; name = QuartzCore.framework; path = System/Library/Frameworks/QuartzCore.framework; sourceTree = SDKROOT; };
		DCD785321AC6B0E8003E1752 /* Security.framework */ = {isa = PBXFileReference; lastKnownFileType = wrapper.framework; name = Security.framework; path = System/Library/Frameworks/Security.framework; sourceTree = SDKROOT; };
		DCD785341AC6B0EF003E1752 /* Social.framework */ = {isa = PBXFileReference; lastKnownFileType = wrapper.framework; name = Social.framework; path = System/Library/Frameworks/Social.framework; sourceTree = SDKROOT; };
		DCD785361AC6B0F7003E1752 /* StoreKit.framework */ = {isa = PBXFileReference; lastKnownFileType = wrapper.framework; name = StoreKit.framework; path = System/Library/Frameworks/StoreKit.framework; sourceTree = SDKROOT; };
		DCD785381AC6B100003E1752 /* SystemConfiguration.framework */ = {isa = PBXFileReference; lastKnownFileType = wrapper.framework; name = SystemConfiguration.framework; path = System/Library/Frameworks/SystemConfiguration.framework; sourceTree = SDKROOT; };
		DCD7853A1AC6B109003E1752 /* libz.dylib */ = {isa = PBXFileReference; lastKnownFileType = "compiled.mach-o.dylib"; name = libz.dylib; path = usr/lib/libz.dylib; sourceTree = SDKROOT; };
		DCD7853C1AC6B114003E1752 /* libsqlite3.dylib */ = {isa = PBXFileReference; lastKnownFileType = "compiled.mach-o.dylib"; name = libsqlite3.dylib; path = usr/lib/libsqlite3.dylib; sourceTree = SDKROOT; };
		DCD785441AC6D05F003E1752 /* FBSDKCoreKit.framework */ = {isa = PBXFileReference; lastKnownFileType = wrapper.framework; name = FBSDKCoreKit.framework; path = ../../Documents/FacebookSDK/FBSDKCoreKit.framework; sourceTree = "<group>"; };
		DCD785481AC6D16B003E1752 /* ParseFacebookUtils.framework */ = {isa = PBXFileReference; lastKnownFileType = wrapper.framework; path = ParseFacebookUtils.framework; sourceTree = "<group>"; };
		DCD7854C1AC6D529003E1752 /* FacebookSDK.framework */ = {isa = PBXFileReference; lastKnownFileType = wrapper.framework; name = FacebookSDK.framework; path = ../../Documents/FacebookSDK/FacebookSDK.framework; sourceTree = "<group>"; };
		DCD7854E1AC6E910003E1752 /* Bolts.framework */ = {isa = PBXFileReference; lastKnownFileType = wrapper.framework; path = Bolts.framework; sourceTree = "<group>"; };
		DCD7857F1AC70E89003E1752 /* settingsAuthentication.plist */ = {isa = PBXFileReference; fileEncoding = 4; lastKnownFileType = text.plist.xml; path = settingsAuthentication.plist; sourceTree = "<group>"; };
		DCD7858D1AC72E78003E1752 /* MBProgressHUD.h */ = {isa = PBXFileReference; fileEncoding = 4; lastKnownFileType = sourcecode.c.h; path = MBProgressHUD.h; sourceTree = "<group>"; };
		DCD7858E1AC72E78003E1752 /* MBProgressHUD.m */ = {isa = PBXFileReference; fileEncoding = 4; lastKnownFileType = sourcecode.c.objc; path = MBProgressHUD.m; sourceTree = "<group>"; };
		DCD785901AC85B32003E1752 /* CZSignInTVC.h */ = {isa = PBXFileReference; fileEncoding = 4; lastKnownFileType = sourcecode.c.h; path = CZSignInTVC.h; sourceTree = "<group>"; };
		DCD785911AC85B32003E1752 /* CZSignInTVC.m */ = {isa = PBXFileReference; fileEncoding = 4; lastKnownFileType = sourcecode.c.objc; path = CZSignInTVC.m; sourceTree = "<group>"; };
		DCD785931AC883B7003E1752 /* CZSignInEmailVC.h */ = {isa = PBXFileReference; fileEncoding = 4; lastKnownFileType = sourcecode.c.h; path = CZSignInEmailVC.h; sourceTree = "<group>"; };
		DCD785941AC883B7003E1752 /* CZSignInEmailVC.m */ = {isa = PBXFileReference; fileEncoding = 4; lastKnownFileType = sourcecode.c.objc; path = CZSignInEmailVC.m; sourceTree = "<group>"; };
/* End PBXFileReference section */

/* Begin PBXFrameworksBuildPhase section */
		DCD784F31AC6ACD5003E1752 /* Frameworks */ = {
			isa = PBXFrameworksBuildPhase;
			buildActionMask = 2147483647;
			files = (
				DCD493311AE5A330003440D5 /* CoreData.framework in Frameworks */,
				DCD7853D1AC6B114003E1752 /* libsqlite3.dylib in Frameworks */,
				DCD785491AC6D16B003E1752 /* ParseFacebookUtils.framework in Frameworks */,
				DCD7853B1AC6B109003E1752 /* libz.dylib in Frameworks */,
				DCD785391AC6B100003E1752 /* SystemConfiguration.framework in Frameworks */,
				DCD785371AC6B0F7003E1752 /* StoreKit.framework in Frameworks */,
				DCD7854D1AC6D529003E1752 /* FacebookSDK.framework in Frameworks */,
				DCD785351AC6B0EF003E1752 /* Social.framework in Frameworks */,
				DCD785451AC6D05F003E1752 /* FBSDKCoreKit.framework in Frameworks */,
				DCD785331AC6B0E8003E1752 /* Security.framework in Frameworks */,
				DCD785311AC6B0E0003E1752 /* QuartzCore.framework in Frameworks */,
				DCD7852F1AC6B0D7003E1752 /* MobileCoreServices.framework in Frameworks */,
				DCD7852D1AC6B0CF003E1752 /* CoreLocation.framework in Frameworks */,
				DCD7852B1AC6B0C7003E1752 /* CoreGraphics.framework in Frameworks */,
				DCD785291AC6B0BF003E1752 /* CFNetwork.framework in Frameworks */,
				DCD785271AC6B0B7003E1752 /* AudioToolbox.framework in Frameworks */,
				DCD7854F1AC6E910003E1752 /* Bolts.framework in Frameworks */,
				DCD785251AC6B0AF003E1752 /* Accounts.framework in Frameworks */,
				DCD785211AC6B076003E1752 /* Parse.framework in Frameworks */,
			);
			runOnlyForDeploymentPostprocessing = 0;
		};
/* End PBXFrameworksBuildPhase section */

/* Begin PBXGroup section */
		DCC433361AEBC0F7003182D8 /* Classes */ = {
			isa = PBXGroup;
			children = (
				DCD7858D1AC72E78003E1752 /* MBProgressHUD.h */,
				DCD7858E1AC72E78003E1752 /* MBProgressHUD.m */,
				DCD4920F1AD92C51003440D5 /* CZAuthenticationDC.h */,
				DCD492101AD92C51003440D5 /* CZAuthenticationDC.m */,
			);
			name = Classes;
			sourceTree = "<group>";
		};
		DCD493321AE5A514003440D5 /* images */ = {
			isa = PBXGroup;
			children = (
				DCD493351AE5A6B0003440D5 /* header_bg1@2x.jpg */,
				DCD493331AE5A679003440D5 /* profile1@2x.jpg */,
			);
			name = images;
			sourceTree = "<group>";
		};
		DCD784ED1AC6ACD4003E1752 = {
			isa = PBXGroup;
			children = (
				DCD784F81AC6ACD5003E1752 /* AboutMe */,
				DCD7851F1AC6B03D003E1752 /* Frameworks */,
				DCD784F71AC6ACD5003E1752 /* Products */,
			);
			sourceTree = "<group>";
		};
		DCD784F71AC6ACD5003E1752 /* Products */ = {
			isa = PBXGroup;
			children = (
				DCD784F61AC6ACD5003E1752 /* AboutMe.app */,
			);
			name = Products;
			sourceTree = "<group>";
		};
		DCD784F81AC6ACD5003E1752 /* AboutMe */ = {
			isa = PBXGroup;
			children = (
				DCD493321AE5A514003440D5 /* images */,
				DCD7858C1AC72E66003E1752 /* Classes */,
				DCD785701AC70CAB003E1752 /* CZ-Authentication */,
				DCD784FD1AC6ACD5003E1752 /* AppDelegate.h */,
				DCD784FE1AC6ACD6003E1752 /* AppDelegate.m */,
				DCD785001AC6ACD6003E1752 /* ViewController.h */,
				DCD785011AC6ACD6003E1752 /* ViewController.m */,
				DCD785031AC6ACD6003E1752 /* Main.storyboard */,
				DCD785061AC6ACD6003E1752 /* Images.xcassets */,
				DCD785081AC6ACD6003E1752 /* LaunchScreen.xib */,
				DCD784F91AC6ACD5003E1752 /* Supporting Files */,
			);
			path = AboutMe;
			sourceTree = "<group>";
		};
		DCD784F91AC6ACD5003E1752 /* Supporting Files */ = {
			isa = PBXGroup;
			children = (
				DCD784FA1AC6ACD5003E1752 /* Info.plist */,
				DCC433541AEC28B9003182D8 /* Localizable.strings */,
				DCD784FB1AC6ACD5003E1752 /* main.m */,
			);
			name = "Supporting Files";
			sourceTree = "<group>";
		};
		DCD7851F1AC6B03D003E1752 /* Frameworks */ = {
			isa = PBXGroup;
			children = (
				DCD493301AE5A330003440D5 /* CoreData.framework */,
				DCD7854E1AC6E910003E1752 /* Bolts.framework */,
				DCD7854C1AC6D529003E1752 /* FacebookSDK.framework */,
				DCD785481AC6D16B003E1752 /* ParseFacebookUtils.framework */,
				DCD785441AC6D05F003E1752 /* FBSDKCoreKit.framework */,
				DCD7853C1AC6B114003E1752 /* libsqlite3.dylib */,
				DCD7853A1AC6B109003E1752 /* libz.dylib */,
				DCD785381AC6B100003E1752 /* SystemConfiguration.framework */,
				DCD785361AC6B0F7003E1752 /* StoreKit.framework */,
				DCD785341AC6B0EF003E1752 /* Social.framework */,
				DCD785321AC6B0E8003E1752 /* Security.framework */,
				DCD785301AC6B0E0003E1752 /* QuartzCore.framework */,
				DCD7852E1AC6B0D7003E1752 /* MobileCoreServices.framework */,
				DCD7852C1AC6B0CF003E1752 /* CoreLocation.framework */,
				DCD7852A1AC6B0C7003E1752 /* CoreGraphics.framework */,
				DCD785281AC6B0BF003E1752 /* CFNetwork.framework */,
				DCD785261AC6B0B7003E1752 /* AudioToolbox.framework */,
				DCD785241AC6B0AF003E1752 /* Accounts.framework */,
				DCD785201AC6B076003E1752 /* Parse.framework */,
			);
			name = Frameworks;
			sourceTree = "<group>";
		};
		DCD785701AC70CAB003E1752 /* CZ-Authentication */ = {
			isa = PBXGroup;
			children = (
				DCC433591AEC29E1003182D8 /* Authentication.storyboard */,
				DCC433361AEBC0F7003182D8 /* Classes */,
				DCD785711AC70DE0003E1752 /* images */,
				DCD7857F1AC70E89003E1752 /* settingsAuthentication.plist */,
				DCC433371AEC08CC003182D8 /* CZResetPasswordVC.h */,
				DCC433381AEC08CD003182D8 /* CZResetPasswordVC.m */,
				DCD785901AC85B32003E1752 /* CZSignInTVC.h */,
				DCD785911AC85B32003E1752 /* CZSignInTVC.m */,
				DCD785931AC883B7003E1752 /* CZSignInEmailVC.h */,
				DCD785941AC883B7003E1752 /* CZSignInEmailVC.m */,
				DC9E837F1AD58BD4008849D2 /* DDPWebPagesVC.h */,
				DC9E83801AD58BD4008849D2 /* DDPWebPagesVC.m */,
				DC9E837C1AD05A9D008849D2 /* CZLoginVC.h */,
				DC9E837D1AD05A9D008849D2 /* CZLoginVC.m */,
				DC9E83791ACFE096008849D2 /* CZAuthenticationVC.h */,
				DC9E837A1ACFE096008849D2 /* CZAuthenticationVC.m */,
				DCC433661AEC2D2A003182D8 /* CZ-AuthenticationLocalizable.strings */,
			);
			name = "CZ-Authentication";
			sourceTree = "<group>";
		};
		DCD785711AC70DE0003E1752 /* images */ = {
			isa = PBXGroup;
			children = (
				DCC433711AEEBE0E003182D8 /* CZ-background004.jpg */,
				DCC433721AEEBE0E003182D8 /* CZ-background007.jpg */,
				DCC4336E1AEEBE04003182D8 /* CZ-background009.jpg */,
				DCC433681AEEBDF0003182D8 /* CZ-background010.jpg */,
				DCC433691AEEBDF0003182D8 /* CZ-background011.jpg */,
				DCC4336A1AEEBDF0003182D8 /* CZ-background012.jpg */,
				DCD493371AE6D35F003440D5 /* logoFB-20x20.png */,
				DCD493381AE6D360003440D5 /* logoFB-20x20@2x.png */,
				DCD491D31AD90A62003440D5 /* badge_green.png */,
				DCD491D41AD90A62003440D5 /* badge_green@2x.png */,
				DCD491D51AD90A62003440D5 /* mail_green.png */,
				DCD491D61AD90A62003440D5 /* mail_green@2x.png */,
				DCD491D71AD90A62003440D5 /* password_green.png */,
				DCD491D81AD90A62003440D5 /* password_green@2x.png */,
				DCD491D91AD90A62003440D5 /* username_green.png */,
				DCD491DA1AD90A62003440D5 /* username_green@2x.png */,
				DCD491DB1AD90A62003440D5 /* badge@2x.png */,
				DCD491DC1AD90A62003440D5 /* badge_red.png */,
				DCD491DD1AD90A62003440D5 /* badge_red@2x.png */,
				DCD491DE1AD90A62003440D5 /* badge.png */,
				DCD491DF1AD90A62003440D5 /* mail_red.png */,
				DCD491E01AD90A62003440D5 /* mail_red@2x.png */,
				DCD491E11AD90A62003440D5 /* mail.png */,
				DCD491E21AD90A62003440D5 /* mail@2x.png */,
				DCD491E31AD90A62003440D5 /* password_red.png */,
				DCD491E41AD90A62003440D5 /* password_red@2x.png */,
				DCD491E51AD90A62003440D5 /* password.png */,
				DCD491E61AD90A62003440D5 /* password@2x.png */,
				DCD491E71AD90A62003440D5 /* username_red.png */,
				DCD491E81AD90A62003440D5 /* username_red@2x.png */,
				DCD491E91AD90A62003440D5 /* username.png */,
				DCD491EA1AD90A62003440D5 /* username@2x.png */,
				DCD491EB1AD90A62003440D5 /* triangolo.png */,
				DCD491EC1AD90A62003440D5 /* triangolo@2x.png */,
				DCD491ED1AD90A62003440D5 /* buttonArrow.png */,
				DCD491EE1AD90A62003440D5 /* buttonArrow@2x.png */,
				DCD491EF1AD90A62003440D5 /* headerBackground.png */,
				DCD491F01AD90A62003440D5 /* headerBackground@2x.png */,
			);
			name = images;
			sourceTree = "<group>";
		};
		DCD7858C1AC72E66003E1752 /* Classes */ = {
			isa = PBXGroup;
			children = (
			);
			name = Classes;
			sourceTree = "<group>";
		};
/* End PBXGroup section */

/* Begin PBXNativeTarget section */
		DCD784F51AC6ACD5003E1752 /* AboutMe */ = {
			isa = PBXNativeTarget;
			buildConfigurationList = DCD785191AC6ACD6003E1752 /* Build configuration list for PBXNativeTarget "AboutMe" */;
			buildPhases = (
				DCD784F21AC6ACD5003E1752 /* Sources */,
				DCD784F31AC6ACD5003E1752 /* Frameworks */,
				DCD784F41AC6ACD5003E1752 /* Resources */,
			);
			buildRules = (
			);
			dependencies = (
			);
			name = AboutMe;
			productName = AboutMe;
			productReference = DCD784F61AC6ACD5003E1752 /* AboutMe.app */;
			productType = "com.apple.product-type.application";
		};
/* End PBXNativeTarget section */

/* Begin PBXProject section */
		DCD784EE1AC6ACD4003E1752 /* Project object */ = {
			isa = PBXProject;
			attributes = {
				CLASSPREFIX = CZ;
				LastUpgradeCheck = 0620;
				ORGANIZATIONNAME = "Dario De Pascalis";
				TargetAttributes = {
					DCD784F51AC6ACD5003E1752 = {
						CreatedOnToolsVersion = 6.2;
						DevelopmentTeam = 7MAUE2WG2U;
					};
				};
			};
			buildConfigurationList = DCD784F11AC6ACD4003E1752 /* Build configuration list for PBXProject "AboutMe" */;
			compatibilityVersion = "Xcode 3.2";
			developmentRegion = English;
			hasScannedForEncodings = 0;
			knownRegions = (
				Base,
				it,
			);
			mainGroup = DCD784ED1AC6ACD4003E1752;
			productRefGroup = DCD784F71AC6ACD5003E1752 /* Products */;
			projectDirPath = "";
			projectRoot = "";
			targets = (
				DCD784F51AC6ACD5003E1752 /* AboutMe */,
			);
		};
/* End PBXProject section */

/* Begin PBXResourcesBuildPhase section */
		DCD784F41AC6ACD5003E1752 /* Resources */ = {
			isa = PBXResourcesBuildPhase;
			buildActionMask = 2147483647;
			files = (
				DCC4336D1AEEBDF0003182D8 /* CZ-background012.jpg in Resources */,
				DCD492071AD90A62003440D5 /* username.png in Resources */,
				DCD785831AC70E89003E1752 /* settingsAuthentication.plist in Resources */,
				DCD491FD1AD90A62003440D5 /* mail_red.png in Resources */,
				DCD4920C1AD90A62003440D5 /* buttonArrow@2x.png in Resources */,
				DCD491FC1AD90A62003440D5 /* badge.png in Resources */,
				DCC433521AEC28B9003182D8 /* Localizable.strings in Resources */,
				DCC4336C1AEEBDF0003182D8 /* CZ-background011.jpg in Resources */,
				DCC4336B1AEEBDF0003182D8 /* CZ-background010.jpg in Resources */,
				DCD491F91AD90A62003440D5 /* badge@2x.png in Resources */,
				DCD491F71AD90A62003440D5 /* username_green.png in Resources */,
				DCD492091AD90A62003440D5 /* triangolo.png in Resources */,
				DCD491FF1AD90A62003440D5 /* mail.png in Resources */,
				DCD4920D1AD90A62003440D5 /* headerBackground.png in Resources */,
				DCD4920B1AD90A62003440D5 /* buttonArrow.png in Resources */,
				DCD491FA1AD90A62003440D5 /* badge_red.png in Resources */,
				DCD491F61AD90A62003440D5 /* password_green@2x.png in Resources */,
				DCD492001AD90A62003440D5 /* mail@2x.png in Resources */,
				DCD785051AC6ACD6003E1752 /* Main.storyboard in Resources */,
				DCD492021AD90A62003440D5 /* password_red@2x.png in Resources */,
				DCD492061AD90A62003440D5 /* username_red@2x.png in Resources */,
				DCD4933A1AE6D360003440D5 /* logoFB-20x20@2x.png in Resources */,
				DCD491F11AD90A62003440D5 /* badge_green.png in Resources */,
				DCD492041AD90A62003440D5 /* password@2x.png in Resources */,
				DCD491F31AD90A62003440D5 /* mail_green.png in Resources */,
				DCD491F51AD90A62003440D5 /* password_green.png in Resources */,
				DCD492081AD90A62003440D5 /* username@2x.png in Resources */,
				DCC4335B1AEC29E1003182D8 /* Authentication.storyboard in Resources */,
				DCC433741AEEBE0E003182D8 /* CZ-background004.jpg in Resources */,
				DCD491FB1AD90A62003440D5 /* badge_red@2x.png in Resources */,
				DCD7850A1AC6ACD6003E1752 /* LaunchScreen.xib in Resources */,
				DCD493391AE6D360003440D5 /* logoFB-20x20.png in Resources */,
				DCD492031AD90A62003440D5 /* password.png in Resources */,
				DCD4920A1AD90A62003440D5 /* triangolo@2x.png in Resources */,
				DCD491FE1AD90A62003440D5 /* mail_red@2x.png in Resources */,
				DCD493341AE5A679003440D5 /* profile1@2x.jpg in Resources */,
				DCC433751AEEBE0E003182D8 /* CZ-background007.jpg in Resources */,
				DCD493361AE5A6B1003440D5 /* header_bg1@2x.jpg in Resources */,
				DCD492011AD90A62003440D5 /* password_red.png in Resources */,
				DCD491F21AD90A62003440D5 /* badge_green@2x.png in Resources */,
				DCD492051AD90A62003440D5 /* username_red.png in Resources */,
				DCC4336F1AEEBE04003182D8 /* CZ-background009.jpg in Resources */,
				DCC433641AEC2D2A003182D8 /* CZ-AuthenticationLocalizable.strings in Resources */,
				DCD491F81AD90A62003440D5 /* username_green@2x.png in Resources */,
				DCD491F41AD90A62003440D5 /* mail_green@2x.png in Resources */,
				DCD785071AC6ACD6003E1752 /* Images.xcassets in Resources */,
				DCD4920E1AD90A62003440D5 /* headerBackground@2x.png in Resources */,
			);
			runOnlyForDeploymentPostprocessing = 0;
		};
/* End PBXResourcesBuildPhase section */

/* Begin PBXSourcesBuildPhase section */
		DCD784F21AC6ACD5003E1752 /* Sources */ = {
			isa = PBXSourcesBuildPhase;
			buildActionMask = 2147483647;
			files = (
				DCD785021AC6ACD6003E1752 /* ViewController.m in Sources */,
				DCD784FF1AC6ACD6003E1752 /* AppDelegate.m in Sources */,
				DCD7858F1AC72E78003E1752 /* MBProgressHUD.m in Sources */,
				DCC433391AEC08CD003182D8 /* CZResetPasswordVC.m in Sources */,
				DC9E837E1AD05A9D008849D2 /* CZLoginVC.m in Sources */,
				DC9E83811AD58BD4008849D2 /* DDPWebPagesVC.m in Sources */,
				DCD785921AC85B32003E1752 /* CZSignInTVC.m in Sources */,
				DCD492111AD92C51003440D5 /* CZAuthenticationDC.m in Sources */,
				DCD785951AC883B7003E1752 /* CZSignInEmailVC.m in Sources */,
				DC9E837B1ACFE096008849D2 /* CZAuthenticationVC.m in Sources */,
				DCD784FC1AC6ACD5003E1752 /* main.m in Sources */,
			);
			runOnlyForDeploymentPostprocessing = 0;
		};
/* End PBXSourcesBuildPhase section */

/* Begin PBXVariantGroup section */
		DCC433541AEC28B9003182D8 /* Localizable.strings */ = {
			isa = PBXVariantGroup;
			children = (
				DCC433531AEC28B9003182D8 /* Base */,
			);
			name = Localizable.strings;
			sourceTree = "<group>";
		};
		DCC433591AEC29E1003182D8 /* Authentication.storyboard */ = {
			isa = PBXVariantGroup;
			children = (
				DCC4335C1AEC2A22003182D8 /* Base */,
			);
			name = Authentication.storyboard;
			sourceTree = "<group>";
		};
		DCC433661AEC2D2A003182D8 /* CZ-AuthenticationLocalizable.strings */ = {
			isa = PBXVariantGroup;
			children = (
				DCC433651AEC2D2A003182D8 /* Base */,
				DCC433671AEC2D60003182D8 /* it */,
			);
			name = "CZ-AuthenticationLocalizable.strings";
			sourceTree = "<group>";
		};
		DCD785031AC6ACD6003E1752 /* Main.storyboard */ = {
			isa = PBXVariantGroup;
			children = (
				DCD785041AC6ACD6003E1752 /* Base */,
			);
			name = Main.storyboard;
			sourceTree = "<group>";
		};
		DCD785081AC6ACD6003E1752 /* LaunchScreen.xib */ = {
			isa = PBXVariantGroup;
			children = (
				DCD785091AC6ACD6003E1752 /* Base */,
			);
			name = LaunchScreen.xib;
			sourceTree = "<group>";
		};
/* End PBXVariantGroup section */

/* Begin XCBuildConfiguration section */
		DCD785171AC6ACD6003E1752 /* Debug */ = {
			isa = XCBuildConfiguration;
			buildSettings = {
				ALWAYS_SEARCH_USER_PATHS = NO;
				CLANG_CXX_LANGUAGE_STANDARD = "gnu++0x";
				CLANG_CXX_LIBRARY = "libc++";
				CLANG_ENABLE_MODULES = YES;
				CLANG_ENABLE_OBJC_ARC = YES;
				CLANG_WARN_BOOL_CONVERSION = YES;
				CLANG_WARN_CONSTANT_CONVERSION = YES;
				CLANG_WARN_DIRECT_OBJC_ISA_USAGE = YES_ERROR;
				CLANG_WARN_EMPTY_BODY = YES;
				CLANG_WARN_ENUM_CONVERSION = YES;
				CLANG_WARN_INT_CONVERSION = YES;
				CLANG_WARN_OBJC_ROOT_CLASS = YES_ERROR;
				CLANG_WARN_UNREACHABLE_CODE = YES;
				CLANG_WARN__DUPLICATE_METHOD_MATCH = YES;
				CODE_SIGN_IDENTITY = "iPhone Developer";
				"CODE_SIGN_IDENTITY[sdk=iphoneos*]" = "iPhone Developer";
				COPY_PHASE_STRIP = NO;
				ENABLE_STRICT_OBJC_MSGSEND = YES;
				GCC_C_LANGUAGE_STANDARD = gnu99;
				GCC_DYNAMIC_NO_PIC = NO;
				GCC_OPTIMIZATION_LEVEL = 0;
				GCC_PREPROCESSOR_DEFINITIONS = (
					"DEBUG=1",
					"$(inherited)",
				);
				GCC_SYMBOLS_PRIVATE_EXTERN = NO;
				GCC_WARN_64_TO_32_BIT_CONVERSION = YES;
				GCC_WARN_ABOUT_RETURN_TYPE = YES_ERROR;
				GCC_WARN_UNDECLARED_SELECTOR = YES;
				GCC_WARN_UNINITIALIZED_AUTOS = YES_AGGRESSIVE;
				GCC_WARN_UNUSED_FUNCTION = YES;
				GCC_WARN_UNUSED_VARIABLE = YES;
				IPHONEOS_DEPLOYMENT_TARGET = 8.1;
				MTL_ENABLE_DEBUG_INFO = YES;
				ONLY_ACTIVE_ARCH = YES;
				PROVISIONING_PROFILE = "";
				SDKROOT = iphoneos;
			};
			name = Debug;
		};
		DCD785181AC6ACD6003E1752 /* Release */ = {
			isa = XCBuildConfiguration;
			buildSettings = {
				ALWAYS_SEARCH_USER_PATHS = NO;
				CLANG_CXX_LANGUAGE_STANDARD = "gnu++0x";
				CLANG_CXX_LIBRARY = "libc++";
				CLANG_ENABLE_MODULES = YES;
				CLANG_ENABLE_OBJC_ARC = YES;
				CLANG_WARN_BOOL_CONVERSION = YES;
				CLANG_WARN_CONSTANT_CONVERSION = YES;
				CLANG_WARN_DIRECT_OBJC_ISA_USAGE = YES_ERROR;
				CLANG_WARN_EMPTY_BODY = YES;
				CLANG_WARN_ENUM_CONVERSION = YES;
				CLANG_WARN_INT_CONVERSION = YES;
				CLANG_WARN_OBJC_ROOT_CLASS = YES_ERROR;
				CLANG_WARN_UNREACHABLE_CODE = YES;
				CLANG_WARN__DUPLICATE_METHOD_MATCH = YES;
				CODE_SIGN_IDENTITY = "iPhone Developer";
				"CODE_SIGN_IDENTITY[sdk=iphoneos*]" = "iPhone Developer";
				COPY_PHASE_STRIP = NO;
				ENABLE_NS_ASSERTIONS = NO;
				ENABLE_STRICT_OBJC_MSGSEND = YES;
				GCC_C_LANGUAGE_STANDARD = gnu99;
				GCC_WARN_64_TO_32_BIT_CONVERSION = YES;
				GCC_WARN_ABOUT_RETURN_TYPE = YES_ERROR;
				GCC_WARN_UNDECLARED_SELECTOR = YES;
				GCC_WARN_UNINITIALIZED_AUTOS = YES_AGGRESSIVE;
				GCC_WARN_UNUSED_FUNCTION = YES;
				GCC_WARN_UNUSED_VARIABLE = YES;
				IPHONEOS_DEPLOYMENT_TARGET = 8.1;
				MTL_ENABLE_DEBUG_INFO = NO;
				PROVISIONING_PROFILE = "";
				SDKROOT = iphoneos;
				VALIDATE_PRODUCT = YES;
			};
			name = Release;
		};
		DCD7851A1AC6ACD6003E1752 /* Debug */ = {
			isa = XCBuildConfiguration;
			buildSettings = {
				ASSETCATALOG_COMPILER_APPICON_NAME = AppIcon;
				ASSETCATALOG_COMPILER_LAUNCHIMAGE_NAME = LaunchImage;
				CLANG_ENABLE_MODULES = YES;
				CODE_SIGN_IDENTITY = "iPhone Developer: Corrado Causo (A8J7X4Y9QS)";
				"CODE_SIGN_IDENTITY[sdk=iphoneos*]" = "iPhone Developer: Corrado Causo (A8J7X4Y9QS)";
				FRAMEWORK_SEARCH_PATHS = (
					"$(inherited)",
					"$(PROJECT_DIR)",
					/Users/dariodepa/Documents/FacebookSDK,
				);
				INFOPLIST_FILE = AboutMe/Info.plist;
				IPHONEOS_DEPLOYMENT_TARGET = 8.1;
				LD_RUNPATH_SEARCH_PATHS = "@executable_path/Frameworks";
				PRODUCT_NAME = "$(TARGET_NAME)";
				PROVISIONING_PROFILE = "a339b7fd-b178-44e7-93d0-7151def6f1f7";
				SWIFT_OBJC_BRIDGING_HEADER = "AboutMe/AboutMe-Bridging-Header.h";
				SWIFT_OPTIMIZATION_LEVEL = "-Onone";
			};
			name = Debug;
		};
		DCD7851B1AC6ACD6003E1752 /* Release */ = {
			isa = XCBuildConfiguration;
			buildSettings = {
				ASSETCATALOG_COMPILER_APPICON_NAME = AppIcon;
				ASSETCATALOG_COMPILER_LAUNCHIMAGE_NAME = LaunchImage;
				CLANG_ENABLE_MODULES = YES;
				CODE_SIGN_IDENTITY = "iPhone Developer: Corrado Causo (A8J7X4Y9QS)";
				"CODE_SIGN_IDENTITY[sdk=iphoneos*]" = "iPhone Developer: Corrado Causo (A8J7X4Y9QS)";
				FRAMEWORK_SEARCH_PATHS = (
					"$(inherited)",
					"$(PROJECT_DIR)",
					/Users/dariodepa/Documents/FacebookSDK,
				);
				INFOPLIST_FILE = AboutMe/Info.plist;
				IPHONEOS_DEPLOYMENT_TARGET = 8.1;
				LD_RUNPATH_SEARCH_PATHS = "@executable_path/Frameworks";
				PRODUCT_NAME = "$(TARGET_NAME)";
				PROVISIONING_PROFILE = "a339b7fd-b178-44e7-93d0-7151def6f1f7";
				SWIFT_OBJC_BRIDGING_HEADER = "AboutMe/AboutMe-Bridging-Header.h";
			};
			name = Release;
		};
/* End XCBuildConfiguration section */

/* Begin XCConfigurationList section */
		DCD784F11AC6ACD4003E1752 /* Build configuration list for PBXProject "AboutMe" */ = {
			isa = XCConfigurationList;
			buildConfigurations = (
				DCD785171AC6ACD6003E1752 /* Debug */,
				DCD785181AC6ACD6003E1752 /* Release */,
			);
			defaultConfigurationIsVisible = 0;
			defaultConfigurationName = Release;
		};
		DCD785191AC6ACD6003E1752 /* Build configuration list for PBXNativeTarget "AboutMe" */ = {
			isa = XCConfigurationList;
			buildConfigurations = (
				DCD7851A1AC6ACD6003E1752 /* Debug */,
				DCD7851B1AC6ACD6003E1752 /* Release */,
			);
			defaultConfigurationIsVisible = 0;
			defaultConfigurationName = Release;
		};
/* End XCConfigurationList section */
	};
	rootObject = DCD784EE1AC6ACD4003E1752 /* Project object */;
}
